
Microsoft Visual Studio Solution File, Format Version 12.00
# Visual Studio 15
VisualStudioVersion = 15.0.28307.1082
MinimumVisualStudioVersion = 10.0.40219.1
Project("{FAE04EC0-301F-11D3-BF4B-00C04F79EFBC}") = "MSistemaAsistencia", "MSistemaAsistencia\MSistemaAsistencia.csproj", "{A56370DE-AC4F-411B-A26C-0F152595CEE2}"
EndProject
Project("{FAE04EC0-301F-11D3-BF4B-00C04F79EFBC}") = "Plj_Capa_Datos", "Plj_Capa_Datos\Plj_Capa_Datos.csproj", "{DD2E8041-56E8-4CCA-B685-8A801AE8D2F8}"
EndProject
Project("{FAE04EC0-301F-11D3-BF4B-00C04F79EFBC}") = "Plj_Capa_Entidad", "Plj_Capa_Entidad\Plj_Capa_Entidad.csproj", "{540020E7-5273-475E-AE5F-CC135908AF48}"
EndProject
Project("{FAE04EC0-301F-11D3-BF4B-00C04F79EFBC}") = "Prj_Capa_Negocio", "Prj_Capa_Negocio\Prj_Capa_Negocio.csproj", "{8679CA96-E663-4821-96A0-CEA1B70EDB47}"
EndProject
Global
	GlobalSection(SolutionConfigurationPlatforms) = preSolution
		Debug|Any CPU = Debug|Any CPU
		Release|Any CPU = Release|Any CPU
	EndGlobalSection
	GlobalSection(ProjectConfigurationPlatforms) = postSolution
		{A56370DE-AC4F-411B-A26C-0F152595CEE2}.Debug|Any CPU.ActiveCfg = Debug|Any CPU
		{A56370DE-AC4F-411B-A26C-0F152595CEE2}.Debug|Any CPU.Build.0 = Debug|Any CPU
		{A56370DE-AC4F-411B-A26C-0F152595CEE2}.Release|Any CPU.ActiveCfg = Release|Any CPU
		{A56370DE-AC4F-411B-A26C-0F152595CEE2}.Release|Any CPU.Build.0 = Release|Any CPU
		{DD2E8041-56E8-4CCA-B685-8A801AE8D2F8}.Debug|Any CPU.ActiveCfg = Debug|Any CPU
		{DD2E8041-56E8-4CCA-B685-8A801AE8D2F8}.Debug|Any CPU.Build.0 = Debug|Any CPU
		{DD2E8041-56E8-4CCA-B685-8A801AE8D2F8}.Release|Any CPU.ActiveCfg = Release|Any CPU
		{DD2E8041-56E8-4CCA-B685-8A801AE8D2F8}.Release|Any CPU.Build.0 = Release|Any CPU
		{540020E7-5273-475E-AE5F-CC135908AF48}.Debug|Any CPU.ActiveCfg = Debug|Any CPU
		{540020E7-5273-475E-AE5F-CC135908AF48}.Debug|Any CPU.Build.0 = Debug|Any CPU
		{540020E7-5273-475E-AE5F-CC135908AF48}.Release|Any CPU.ActiveCfg = Release|Any CPU
		{540020E7-5273-475E-AE5F-CC135908AF48}.Release|Any CPU.Build.0 = Release|Any CPU
		{8679CA96-E663-4821-96A0-CEA1B70EDB47}.Debug|Any CPU.ActiveCfg = Debug|Any CPU
		{8679CA96-E663-4821-96A0-CEA1B70EDB47}.Debug|Any CPU.Build.0 = Debug|Any CPU
		{8679CA96-E663-4821-96A0-CEA1B70EDB47}.Release|Any CPU.ActiveCfg = Release|Any CPU
		{8679CA96-E663-4821-96A0-CEA1B70EDB47}.Release|Any CPU.Build.0 = Release|Any CPU
	EndGlobalSection
	GlobalSection(SolutionProperties) = preSolution
		HideSolutionNode = FALSE
	EndGlobalSection
	GlobalSection(ExtensibilityGlobals) = postSolution
		SolutionGuid = {4686BBA4-686C-4E97-B5E2-958373172035}
	EndGlobalSection
EndGlobal
